// !$*UTF8*$!
{
	archiveVersion = 1;
	classes = {
	};
	objectVersion = 77;
	objects = {

/* Begin PBXBuildFile section */
		0F8EEAF32F7F64260021DE87 /* cmark-gfm in Frameworks */ = {isa = PBXBuildFile; productRef = 0F5F4B110000000100000002 /* cmark-gfm */; };
		0F8EEAF42F7F64260021DE87 /* cmark-gfm in Frameworks */ = {isa = PBXBuildFile; productRef = 0F5F4B110000000100000003 /* cmark-gfm */; };
		0F8EEAF52F7F64260021DE88 /* cmark-gfm-extensions in Frameworks */ = {isa = PBXBuildFile; productRef = 0F5F4B110000000100000004 /* cmark-gfm-extensions */; };
		0F8EEAF62F7F64260021DE89 /* cmark-gfm-extensions in Frameworks */ = {isa = PBXBuildFile; productRef = 0F5F4B110000000005 /* cmark-gfm-extensions */; };
/* End PBXBuildFile section */

/* Begin PBXContainerItemProxy section */
		0F5F4AF02F7E719A00A0BB3E /* PBXContainerItemProxy */ = {
			isa = PBXContainerItemProxy;
			containerPortal = 0F5F4ADA2F7E719800A0BB3E /* Project object */;
			proxyType = 1;
			remoteGlobalIDString = 0F5F4AE12F7E719800A0BB3E;
			remoteInfo = MarkDown;
		};
		0F5F4AFA2F7E719A00A0BB3E /* PBXContainerItemProxy */ = {
			isa = PBXContainerItemProxy;
			containerPortal = 0F5F4ADA2F7E719800A0BB3E /* Project object */;
			proxyType = 1;
			remoteGlobalIDString = 0F5F4AE12F7E719800A0BB3E;
			remoteInfo = MarkDown;
		};
/* End PBXContainerItemProxy section */

/* Begin PBXFileReference section */
		0F5F4AE22F7E719800A0BB3E /* MarkDown.app */ = {isa = PBXFileReference; explicitFileType = wrapper.application; includeInIndex = 0; path = MarkDown.app; sourceTree = BUILT_PRODUCTS_DIR; };
		0F5F4AEF2F7E719A00A0BB3E /* MarkDownTests.xctest */ = {isa = PBXFileReference; explicitFileType = wrapper.cfbundle; includeInIndex = 0; path = MarkDownTests.xctest; sourceTree = BUILT_PRODUCTS_DIR; };
		0F5F4AF92F7E719A00A0BB3E /* MarkDownUITests.xctest */ = {isa = PBXFileReference; explicitFileType = wrapper.cfbundle; includeInIndex = 0; path = MarkDownUITests.xctest; sourceTree = BUILT_PRODUCTS_DIR; };
/* End PBXFileReference section */

/* Begin PBXFileSystemSynchronizedBuildFileExceptionSet section */
		0F5F4B200000000100000004 /* Exceptions for "MarkDown" folder in "MarkDown" target */ = {
			isa = PBXFileSystemSynchronizedBuildFileExceptionSet;
			membershipExceptions = (
				Info.plist,
			);
			target = 0F5F4AE12F7E719800A0BB3E /* MarkDown */;
		};
/* End PBXFileSystemSynchronizedBuildFileExceptionSet section */

/* Begin PBXFileSystemSynchronizedRootGroup section */
		0F5F4AE42F7E719800A0BB3E /* MarkDown */ = {
			isa = PBXFileSystemSynchronizedRootGroup;
			exceptions = (
				0F5F4B200000000100000004 /* Exceptions for "MarkDown" folder in "MarkDown" target */,
			);
			path = MarkDown;
			sourceTree = "<group>";
		};
		0F5F4AF22F7E719A00A0BB3E /* MarkDownTests */ = {
			isa = PBXFileSystemSynchronizedRootGroup;
			path = MarkDownTests;
			sourceTree = "<group>";
		};
		0F5F4AFC2F7E719A00A0BB3E /* MarkDownUITests */ = {
			isa = PBXFileSystemSynchronizedRootGroup;
			path = MarkDownUITests;
			sourceTree = "<group>";
		};
/* End PBXFileSystemSynchronizedRootGroup section */

/* Begin PBXFrameworksBuildPhase section */
		0F5F4ADF2F7E719800A0BB3E /* Frameworks */ = {
			isa = PBXFrameworksBuildPhase;
			buildActionMask = 2147483647;
			files = (
				0F8EEAF32F7F64260021DE87 /* cmark-gfm in Frameworks */,
				0F8EEAF52F7F64260021DE88 /* cmark-gfm-extensions in Frameworks */,
			);
			runOnlyForDeploymentPostprocessing = 0;
		};
		0F5F4AEC2F7E719A00A0BB3E /* Frameworks */ = {
			isa = PBXFrameworksBuildPhase;
			buildActionMask = 2147483647;
			files = (
				0F8EEAF42F7F64260021DE87 /* cmark-gfm in Frameworks */,
				0F8EEAF62F7F64260021DE89 /* cmark-gfm-extensions in Frameworks */,
			);
			runOnlyForDeploymentPostprocessing = 0;
		};
		0F5F4AF62F7E719A00A0BB3E /* Frameworks */ = {
			isa = PBXFrameworksBuildPhase;
			buildActionMask = 2147483647;
			files = (
			);
			runOnlyForDeploymentPostprocessing = 0;
		};
/* End PBXFrameworksBuildPhase section */

/* Begin PBXGroup section */
		0F5F4AD92F7E719800A0BB3E = {
			isa = PBXGroup;
			children = (
				0F5F4AE42F7E719800A0BB3E /* MarkDown */,
				0F5F4AF22F7E719A00A0BB3E /* MarkDownTests */,
				0F5F4AFC2F7E719A00A0BB3E /* MarkDownUITests */,
				0F5F4AE32F7E719800A0BB3E /* Products */,
			);
			sourceTree = "<group>";
		};
		0F5F4AE32F7E719800A0BB3E /* Products */ = {
			isa = PBXGroup;
			children = (
				0F5F4AE22F7E719800A0BB3E /* MarkDown.app */,
				0F5F4AEF2F7E719A00A0BB3E /* MarkDownTests.xctest */,
				0F5F4AF92F7E719A00A0BB3E /* MarkDownUITests.xctest */,
			);
			name = Products;
			sourceTree = "<group>";
		};
/* End PBXGroup section */

/* Begin PBXNativeTarget section */
		0F5F4AE12F7E719800A0BB3E /* MarkDown */ = {
			isa = PBXNativeTarget;
			buildConfigurationList = 0F5F4B032F7E719A00A0BB3E /* Build configuration list for PBXNativeTarget "MarkDown" */;
			buildPhases = (
				0F5F4ADE2F7E719800A0BB3E /* Sources */,
				0F5F4ADF2F7E719800A0BB3E /* Frameworks */,
				0F5F4AE02F7E719800A0BB3E /* Resources */,
			);
			buildRules = (
			);
			dependencies = (
			);
			fileSystemSynchronizedGroups = (
				0F5F4AE42F7E719800A0BB3E /* MarkDown */,
			);
			name = MarkDown;
			packageProductDependencies = (
				0F5F4B110000000100000002 /* cmark-gfm */,
				0F5F4B110000000100000004 /* cmark-gfm-extensions */,
			);
			productName = MarkDown;
			productReference = 0F5F4AE22F7E719800A0BB3E /* MarkDown.app */;
			productType = "com.apple.product-type.application";
		};
		0F5F4AEE2F7E719A00A0BB3E /* MarkDownTests */ = {
			isa = PBXNativeTarget;
			buildConfigurationList = 0F5F4B062F7E719A00A0BB3E /* Build configuration list for PBXNativeTarget "MarkDownTests" */;
			buildPhases = (
				0F5F4AEB2F7E719A00A0BB3E /* Sources */,
				0F5F4AEC2F7E719A00A0BB3E /* Frameworks */,
				0F5F4AED2F7E719A00A0BB3E /* Resources */,
			);
			buildRules = (
			);
			dependencies = (
				0F5F4AF12F7E719A00A0BB3E /* PBXTargetDependency */,
			);
			fileSystemSynchronizedGroups = (
				0F5F4AF22F7E719A00A0BB3E /* MarkDownTests */,
			);
			name = MarkDownTests;
			packageProductDependencies = (
				0F5F4B110000000100000003 /* cmark-gfm */,
				0F5F4B110000000005 /* cmark-gfm-extensions */,
			);
			productName = MarkDownTests;
			productReference = 0F5F4AEF2F7E719A00A0BB3E /* MarkDownTests.xctest */;
			productType = "com.apple.product-type.bundle.unit-test";
		};
		0F5F4AF82F7E719A00A0BB3E /* MarkDownUITests */ = {
			isa = PBXNativeTarget;
			buildConfigurationList = 0F5F4B092F7E719A00A0BB3E /* Build configuration list for PBXNativeTarget "MarkDownUITests" */;
			buildPhases = (
				0F5F4AF52F7E719A00A0BB3E /* Sources */,
				0F5F4AF62F7E719A00A0BB3E /* Frameworks */,
				0F5F4AF72F7E719A00A0BB3E /* Resources */,
			);
			buildRules = (
			);
			dependencies = (
				0F5F4AFB2F7E719A00A0BB3E /* PBXTargetDependency */,
			);
			fileSystemSynchronizedGroups = (
				0F5F4AFC2F7E719A00A0BB3E /* MarkDownUITests */,
			);
			name = MarkDownUITests;
			packageProductDependencies = (
			);
			productName = MarkDownUITests;
			productReference = 0F5F4AF92F7E719A00A0BB3E /* MarkDownUITests.xctest */;
			productType = "com.apple.product-type.bundle.ui-testing";
		};
/* End PBXNativeTarget section */

/* Begin PBXProject section */
		0F5F4ADA2F7E719800A0BB3E /* Project object */ = {
			isa = PBXProject;
			attributes = {
				BuildIndependentTargetsInParallel = 1;
				LastSwiftUpdateCheck = 2630;
				LastUpgradeCheck = 2630;
				TargetAttributes = {
					0F5F4AE12F7E719800A0BB3E = {
						CreatedOnToolsVersion = 26.3;
					};
					0F5F4AEE2F7E719A00A0BB3E = {
						CreatedOnToolsVersion = 26.3;
						TestTargetID = 0F5F4AE12F7E719800A0BB3E;
					};
					0F5F4AF82F7E719A00A0BB3E = {
						CreatedOnToolsVersion = 26.3;
						TestTargetID = 0F5F4AE12F7E719800A0BB3E;
					};
				};
			};
			buildConfigurationList = 0F5F4ADD2F7E719800A0BB3E /* Build configuration list for PBXProject "MarkDown" */;
			developmentRegion = en;
			hasScannedForEncodings = 0;
			knownRegions = (
				en,
				Base,
			);
			mainGroup = 0F5F4AD92F7E719800A0BB3E;
			minimizedProjectReferenceProxies = 1;
			packageReferences = (
				0F5F4B100000000100000001 /* XCRemoteSwiftPackageReference "swift-cmark" */,
			);
			preferredProjectObjectVersion = 77;
			productRefGroup = 0F5F4AE32F7E719800A0BB3E /* Products */;
			projectDirPath = "";
			projectRoot = "";
			targets = (
				0F5F4AE12F7E719800A0BB3E /* MarkDown */,
				0F5F4AEE2F7E719A00A0BB3E /* MarkDownTests */,
				0F5F4AF82F7E719A00A0BB3E /* MarkDownUITests */,
			);
		};
/* End PBXProject section */

/* Begin PBXResourcesBuildPhase section */
		0F5F4AE02F7E719800A0BB3E /* Resources */ = {
			isa = PBXResourcesBuildPhase;
			buildActionMask = 2147483647;
			files = (
			);
			runOnlyForDeploymentPostprocessing = 0;
		};
		0F5F4AED2F7E719A00A0BB3E /* Resources */ = {
			isa = PBXResourcesBuildPhase;
			buildActionMask = 2147483647;
			files = (
			);
			runOnlyForDeploymentPostprocessing = 0;
		};
		0F5F4AF72F7E719A00A0BB3E /* Resources */ = {
			isa = PBXResourcesBuildPhase;
			buildActionMask = 2147483647;
			files = (
			);
			runOnlyForDeploymentPostprocessing = 0;
		};
/* End PBXResourcesBuildPhase section */

/* Begin PBXSourcesBuildPhase section */
		0F5F4ADE2F7E719800A0BB3E /* Sources */ = {
			isa = PBXSourcesBuildPhase;
			buildActionMask = 2147483647;
			files = (
			);
			runOnlyForDeploymentPostprocessing = 0;
		};
		0F5F4AEB2F7E719A00A0BB3E /* Sources */ = {
			isa = PBXSourcesBuildPhase;
			buildActionMask = 2147483647;
			files = (
			);
			runOnlyForDeploymentPostprocessing = 0;
		};
		0F5F4AF52F7E719A00A0BB3E /* Sources */ = {
			isa = PBXSourcesBuildPhase;
			buildActionMask = 2147483647;
			files = (
			);
			runOnlyForDeploymentPostprocessing = 0;
		};
/* End PBXSourcesBuildPhase section */

/* Begin PBXTargetDependency section */
		0F5F4AF12F7E719A00A0BB3E /* PBXTargetDependency */ = {
			isa = PBXTargetDependency;
			target = 0F5F4AE12F7E719800A0BB3E /* MarkDown */;
			targetProxy = 0F5F4AF02F7E719A00A0BB3E /* PBXContainerItemProxy */;
		};
		0F5F4AFB2F7E719A00A0BB3E /* PBXTargetDependency */ = {
			isa = PBXTargetDependency;
			target = 0F5F4AE12F7E719800A0BB3E /* MarkDown */;
			targetProxy = 0F5F4AFA2F7E719A00A0BB3E /* PBXContainerItemProxy */;
		};
/* End PBXTargetDependency section */

/* Begin XCBuildConfiguration section */
		0F5F4B012F7E719A00A0BB3E /* Debug */ = {
			isa = XCBuildConfiguration;
			buildSettings = {
				ALWAYS_SEARCH_USER_PATHS = NO;
				ASSETCATALOG_COMPILER_GENERATE_SWIFT_ASSET_SYMBOL_EXTENSIONS = YES;
				CLANG_ANALYZER_NONNULL = YES;
				CLANG_ANALYZER_NUMBER_OBJECT_CONVERSION = YES_AGGRESSIVE;
				CLANG_CXX_LANGUAGE_STANDARD = "gnu++20";
				CLANG_ENABLE_MODULES = YES;
				CLANG_ENABLE_OBJC_ARC = YES;
				CLANG_ENABLE_OBJC_WEAK = YES;
				CLANG_WARN_BLOCK_CAPTURE_AUTORELEASING = YES;
				CLANG_WARN_BOOL_CONVERSION = YES;
				CLANG_WARN_COMMA = YES;
				CLANG_WARN_CONSTANT_CONVERSION = YES;
				CLANG_WARN_DEPRECATED_OBJC_IMPLEMENTATIONS = YES;
				CLANG_WARN_DIRECT_OBJC_ISA_USAGE = YES_ERROR;
				CLANG_WARN_DOCUMENTATION_COMMENTS = YES;
				CLANG_WARN_EMPTY_BODY = YES;
				CLANG_WARN_ENUM_CONVERSION = YES;
				CLANG_WARN_INFINITE_RECURSION = YES;
				CLANG_WARN_INT_CONVERSION = YES;
				CLANG_WARN_NON_LITERAL_NULL_CONVERSION = YES;
				CLANG_WARN_OBJC_IMPLICIT_RETAIN_SELF = YES;
				CLANG_WARN_OBJC_LITERAL_CONVERSION = YES;
				CLANG_WARN_OBJC_ROOT_CLASS = YES_ERROR;
				CLANG_WARN_QUOTED_INCLUDE_IN_FRAMEWORK_HEADER = YES;
				CLANG_WARN_RANGE_LOOP_ANALYSIS = YES;
				CLANG_WARN_STRICT_PROTOTYPES = YES;
				CLANG_WARN_SUSPICIOUS_MOVE = YES;
				CLANG_WARN_UNGUARDED_AVAILABILITY = YES_AGGRESSIVE;
				CLANG_WARN_UNREACHABLE_CODE = YES;
				CLANG_WARN__DUPLICATE_METHOD_MATCH = YES;
				COPY_PHASE_STRIP = NO;
				DEBUG_INFORMATION_FORMAT = dwarf;
				DEVELOPMENT_TEAM = FRCF3BQC5Z;
				ENABLE_STRICT_OBJC_MSGSEND = YES;
				ENABLE_TESTABILITY = YES;
				ENABLE_USER_SCRIPT_SANDBOXING = YES;
				GCC_C_LANGUAGE_STANDARD = gnu17;
				GCC_DYNAMIC_NO_PIC = NO;
				GCC_NO_COMMON_BLOCKS = YES;
				GCC_OPTIMIZATION_LEVEL = 0;
				GCC_PREPROCESSOR_DEFINITIONS = (
					"DEBUG=1",
					"$(inherited)",
				);
				GCC_WARN_64_TO_32_BIT_CONVERSION = YES;
				GCC_WARN_ABOUT_RETURN_TYPE = YES_ERROR;
				GCC_WARN_UNDECLARED_SELECTOR = YES;
				GCC_WARN_UNINITIALIZED_AUTOS = YES_AGGRESSIVE;
				GCC_WARN_UNUSED_FUNCTION = YES;
				GCC_WARN_UNUSED_VARIABLE = YES;
				LOCALIZATION_PREFERS_STRING_CATALOGS = YES;
				MACOSX_DEPLOYMENT_TARGET = 26.2;
				MTL_ENABLE_DEBUG_INFO = INCLUDE_SOURCE;
				MTL_FAST_MATH = YES;
				ONLY_ACTIVE_ARCH = YES;
				SDKROOT = macosx;
				SWIFT_ACTIVE_COMPILATION_CONDITIONS = "DEBUG $(inherited)";
				SWIFT_OPTIMIZATION_LEVEL = "-Onone";
			};
			name = Debug;
		};
		0F5F4B022F7E719A00A0BB3E /* Release */ = {
			isa = XCBuildConfiguration;
			buildSettings = {
				ALWAYS_SEARCH_USER_PATHS = NO;
				ASSETCATALOG_COMPILER_GENERATE_SWIFT_ASSET_SYMBOL_EXTENSIONS = YES;
				CLANG_ANALYZER_NONNULL = YES;
				CLANG_ANALYZER_NUMBER_OBJECT_CONVERSION = YES_AGGRESSIVE;
				CLANG_CXX_LANGUAGE_STANDARD = "gnu++20";
				CLANG_ENABLE_MODULES = YES;
				CLANG_ENABLE_OBJC_ARC = YES;
				CLANG_ENABLE_OBJC_WEAK = YES;
				CLANG_WARN_BLOCK_CAPTURE_AUTORELEASING = YES;
				CLANG_WARN_BOOL_CONVERSION = YES;
				CLANG_WARN_COMMA = YES;
				CLANG_WARN_CONSTANT_CONVERSION = YES;
				CLANG_WARN_DEPRECATED_OBJC_IMPLEMENTATIONS = YES;
				CLANG_WARN_DIRECT_OBJC_ISA_USAGE = YES_ERROR;
				CLANG_WARN_DOCUMENTATION_COMMENTS = YES;
				CLANG_WARN_EMPTY_BODY = YES;
				CLANG_WARN_ENUM_CONVERSION = YES;
				CLANG_WARN_INFINITE_RECURSION = YES;
				CLANG_WARN_INT_CONVERSION = YES;
				CLANG_WARN_NON_LITERAL_NULL_CONVERSION = YES;
				CLANG_WARN_OBJC_IMPLICIT_RETAIN_SELF = YES;
				CLANG_WARN_OBJC_LITERAL_CONVERSION = YES;
				CLANG_WARN_OBJC_ROOT_CLASS = YES_ERROR;
				CLANG_WARN_QUOTED_INCLUDE_IN_FRAMEWORK_HEADER = YES;
				CLANG_WARN_RANGE_LOOP_ANALYSIS = YES;
				CLANG_WARN_STRICT_PROTOTYPES = YES;
				CLANG_WARN_SUSPICIOUS_MOVE = YES;
				CLANG_WARN_UNGUARDED_AVAILABILITY = YES_AGGRESSIVE;
				CLANG_WARN_UNREACHABLE_CODE = YES;
				CLANG_WARN__DUPLICATE_METHOD_MATCH = YES;
				COPY_PHASE_STRIP = NO;
				DEBUG_INFORMATION_FORMAT = "dwarf-with-dsym";
				DEVELOPMENT_TEAM = FRCF3BQC5Z;
				ENABLE_NS_ASSERTIONS = NO;
				ENABLE_STRICT_OBJC_MSGSEND = YES;
				ENABLE_USER_SCRIPT_SANDBOXING = YES;
				GCC_C_LANGUAGE_STANDARD = gnu17;
				GCC_NO_COMMON_BLOCKS = YES;
				GCC_WARN_64_TO_32_BIT_CONVERSION = YES;
				GCC_WARN_ABOUT_RETURN_TYPE = YES_ERROR;
				GCC_WARN_UNDECLARED_SELECTOR = YES;
				GCC_WARN_UNINITIALIZED_AUTOS = YES_AGGRESSIVE;
				GCC_WARN_UNUSED_FUNCTION = YES;
				GCC_WARN_UNUSED_VARIABLE = YES;
				LOCALIZATION_PREFERS_STRING_CATALOGS = YES;
				MACOSX_DEPLOYMENT_TARGET = 26.2;
				MTL_ENABLE_DEBUG_INFO = NO;
				MTL_FAST_MATH = YES;
				SDKROOT = macosx;
				SWIFT_COMPILATION_MODE = wholemodule;
			};
			name = Release;
		};
		0F5F4B042F7E719A00A0BB3E /* Debug */ = {
			isa = XCBuildConfiguration;
			buildSettings = {
				ASSETCATALOG_COMPILER_APPICON_NAME = AppIcon;
				ASSETCATALOG_COMPILER_GLOBAL_ACCENT_COLOR_NAME = AccentColor;
				ASSETCATALOG_COMPILER_INCLUDE_ALL_APPICON_ASSETS = NO;
				CODE_SIGN_ENTITLEMENTS = MarkDown/MarkDown.entitlements;
				CODE_SIGN_STYLE = Automatic;
				COMBINE_HIDPI_IMAGES = YES;
				CURRENT_PROJECT_VERSION = 1;
				DEVELOPMENT_TEAM = FRCF3BQC5Z;
				ENABLE_APP_SANDBOX = YES;
				ENABLE_HARDENED_RUNTIME = YES;
				ENABLE_PREVIEWS = YES;
				ENABLE_USER_SELECTED_FILES = readwrite;
				GENERATE_INFOPLIST_FILE = YES;
				INFOPLIST_FILE = MarkDown/Info.plist;
				INFOPLIST_KEY_NSHumanReadableCopyright = "";
				LD_RUNPATH_SEARCH_PATHS = (
					"$(inherited)",
					"@executable_path/../Frameworks",
				);
				MARKETING_VERSION = 1.0;
				PRODUCT_BUNDLE_IDENTIFIER = com.cl.MarkDown;
				PRODUCT_NAME = "$(TARGET_NAME)";
				REGISTER_APP_GROUPS = YES;
				STRING_CATALOG_GENERATE_SYMBOLS = YES;
				SWIFT_APPROACHABLE_CONCURRENCY = YES;
				SWIFT_DEFAULT_ACTOR_ISOLATION = MainActor;
				SWIFT_EMIT_LOC_STRINGS = YES;
				SWIFT_STRICT_CONCURRENCY = minimal;
				SWIFT_UPCOMING_FEATURE_MEMBER_IMPORT_VISIBILITY = YES;
				SWIFT_VERSION = 5.0;
			};
			name = Debug;
		};
		0F5F4B052F7E719A00A0BB3E /* Release */ = {
			isa = XCBuildConfiguration;
			buildSettings = {
				ASSETCATALOG_COMPILER_APPICON_NAME = AppIcon;
				ASSETCATALOG_COMPILER_GLOBAL_ACCENT_COLOR_NAME = AccentColor;
				ASSETCATALOG_COMPILER_INCLUDE_ALL_APPICON_ASSETS = NO;
				CODE_SIGN_ENTITLEMENTS = MarkDown/MarkDown.entitlements;
				CODE_SIGN_STYLE = Automatic;
				COMBINE_HIDPI_IMAGES = YES;
				CURRENT_PROJECT_VERSION = 1;
				DEVELOPMENT_TEAM = FRCF3BQC5Z;
				ENABLE_APP_SANDBOX = YES;
				ENABLE_HARDENED_RUNTIME = YES;
				ENABLE_PREVIEWS = YES;
				ENABLE_USER_SELECTED_FILES = readwrite;
				GENERATE_INFOPLIST_FILE = YES;
				INFOPLIST_FILE = MarkDown/Info.plist;
				INFOPLIST_KEY_NSHumanReadableCopyright = "";
				LD_RUNPATH_SEARCH_PATHS = (
					"$(inherited)",
					"@executable_path/../Frameworks",
				);
				MARKETING_VERSION = 1.0;
				PRODUCT_BUNDLE_IDENTIFIER = com.cl.MarkDown;
				PRODUCT_NAME = "$(TARGET_NAME)";
				REGISTER_APP_GROUPS = YES;
				STRING_CATALOG_GENERATE_SYMBOLS = YES;
				SWIFT_APPROACHABLE_CONCURRENCY = YES;
				SWIFT_DEFAULT_ACTOR_ISOLATION = MainActor;
				SWIFT_EMIT_LOC_STRINGS = YES;
				SWIFT_STRICT_CONCURRENCY = minimal;
				SWIFT_UPCOMING_FEATURE_MEMBER_IMPORT_VISIBILITY = YES;
				SWIFT_VERSION = 5.0;
			};
			name = Release;
		};
		0F5F4B072F7E719A00A0BB3E /* Debug */ = {
			isa = XCBuildConfiguration;
			buildSettings = {
				BUNDLE_LOADER = "$(TEST_HOST)";
				CODE_SIGN_STYLE = Automatic;
				CURRENT_PROJECT_VERSION = 1;
				DEVELOPMENT_TEAM = FRCF3BQC5Z;
				GENERATE_INFOPLIST_FILE = YES;
				MACOSX_DEPLOYMENT_TARGET = 26.2;
				MARKETING_VERSION = 1.0;
				PRODUCT_BUNDLE_IDENTIFIER = com.cl.MarkDownTests;
				PRODUCT_NAME = "$(TARGET_NAME)";
				STRING_CATALOG_GENERATE_SYMBOLS = NO;
				SWIFT_APPROACHABLE_CONCURRENCY = YES;
				SWIFT_EMIT_LOC_STRINGS = NO;
				SWIFT_UPCOMING_FEATURE_MEMBER_IMPORT_VISIBILITY = YES;
				SWIFT_VERSION = 5.0;
				TEST_HOST = "$(BUILT_PRODUCTS_DIR)/MarkDown.app/$(BUNDLE_EXECUTABLE_FOLDER_PATH)/MarkDown";
			};
			name = Debug;
		};
		0F5F4B082F7E719A00A0BB3E /* Release */ = {
			isa = XCBuildConfiguration;
			buildSettings = {
				BUNDLE_LOADER = "$(TEST_HOST)";
				CODE_SIGN_STYLE = Automatic;
				CURRENT_PROJECT_VERSION = 1;
				DEVELOPMENT_TEAM = FRCF3BQC5Z;
				GENERATE_INFOPLIST_FILE = YES;
				MACOSX_DEPLOYMENT_TARGET = 26.2;
				MARKETING_VERSION = 1.0;
				PRODUCT_BUNDLE_IDENTIFIER = com.cl.MarkDownTests;
				PRODUCT_NAME = "$(TARGET_NAME)";
				STRING_CATALOG_GENERATE_SYMBOLS = NO;
				SWIFT_APPROACHABLE_CONCURRENCY = YES;
				SWIFT_EMIT_LOC_STRINGS = NO;
				SWIFT_UPCOMING_FEATURE_MEMBER_IMPORT_VISIBILITY = YES;
				SWIFT_VERSION = 5.0;
				TEST_HOST = "$(BUILT_PRODUCTS_DIR)/MarkDown.app/$(BUNDLE_EXECUTABLE_FOLDER_PATH)/MarkDown";
			};
			name = Release;
		};
		0F5F4B0A2F7E719A00A0BB3E /* Debug */ = {
			isa = XCBuildConfiguration;
			buildSettings = {
				CODE_SIGN_STYLE = Automatic;
				CURRENT_PROJECT_VERSION = 1;
				DEVELOPMENT_TEAM = FRCF3BQC5Z;
				GENERATE_INFOPLIST_FILE = YES;
				MARKETING_VERSION = 1.0;
				PRODUCT_BUNDLE_IDENTIFIER = com.cl.MarkDownUITests;
				PRODUCT_NAME = "$(TARGET_NAME)";
				STRING_CATALOG_GENERATE_SYMBOLS = NO;
				SWIFT_APPROACHABLE_CONCURRENCY = YES;
				SWIFT_EMIT_LOC_STRINGS = NO;
				SWIFT_UPCOMING_FEATURE_MEMBER_IMPORT_VISIBILITY = YES;
				SWIFT_VERSION = 5.0;
				TEST_TARGET_NAME = MarkDown;
			};
			name = Debug;
		};
		0F5F4B0B2F7E719A00A0BB3E /* Release */ = {
			isa = XCBuildConfiguration;
			buildSettings = {
				CODE_SIGN_STYLE = Automatic;
				CURRENT_PROJECT_VERSION = 1;
				DEVELOPMENT_TEAM = FRCF3BQC5Z;
				GENERATE_INFOPLIST_FILE = YES;
				MARKETING_VERSION = 1.0;
				PRODUCT_BUNDLE_IDENTIFIER = com.cl.MarkDownUITests;
				PRODUCT_NAME = "$(TARGET_NAME)";
				STRING_CATALOG_GENERATE_SYMBOLS = NO;
				SWIFT_APPROACHABLE_CONCURRENCY = YES;
				SWIFT_EMIT_LOC_STRINGS = NO;
				SWIFT_UPCOMING_FEATURE_MEMBER_IMPORT_VISIBILITY = YES;
				SWIFT_VERSION = 5.0;
				TEST_TARGET_NAME = MarkDown;
			};
			name = Release;
		};
/* End XCBuildConfiguration section */

/* Begin XCConfigurationList section */
		0F5F4ADD2F7E719800A0BB3E /* Build configuration list for PBXProject "MarkDown" */ = {
			isa = XCConfigurationList;
			buildConfigurations = (
				0F5F4B012F7E719A00A0BB3E /* Debug */,
				0F5F4B022F7E719A00A0BB3E /* Release */,
			);
			defaultConfigurationIsVisible = 0;
			defaultConfigurationName = Release;
		};
		0F5F4B032F7E719A00A0BB3E /* Build configuration list for PBXNativeTarget "MarkDown" */ = {
			isa = XCConfigurationList;
			buildConfigurations = (
				0F5F4B042F7E719A00A0BB3E /* Debug */,
				0F5F4B052F7E719A00A0BB3E /* Release */,
			);
			defaultConfigurationIsVisible = 0;
			defaultConfigurationName = Release;
		};
		0F5F4B062F7E719A00A0BB3E /* Build configuration list for PBXNativeTarget "MarkDownTests" */ = {
			isa = XCConfigurationList;
			buildConfigurations = (
				0F5F4B072F7E719A00A0BB3E /* Debug */,
				0F5F4B082F7E719A00A0BB3E /* Release */,
			);
			defaultConfigurationIsVisible = 0;
			defaultConfigurationName = Release;
		};
		0F5F4B092F7E719A00A0BB3E /* Build configuration list for PBXNativeTarget "MarkDownUITests" */ = {
			isa = XCConfigurationList;
			buildConfigurations = (
				0F5F4B0A2F7E719A00A0BB3E /* Debug */,
				0F5F4B0B2F7E719A00A0BB3E /* Release */,
			);
			defaultConfigurationIsVisible = 0;
			defaultConfigurationName = Release;
		};
/* End XCConfigurationList section */

/* Begin XCRemoteSwiftPackageReference section */
		0F5F4B100000000100000001 /* XCRemoteSwiftPackageReference "swift-cmark" */ = {
			isa = XCRemoteSwiftPackageReference;
			repositoryURL = "https://github.com/apple/swift-cmark.git";
			requirement = {
				kind = upToNextMajorVersion;
				minimumVersion = 0.5.0;
			};
		};
/* End XCRemoteSwiftPackageReference section */

/* Begin XCSwiftPackageProductDependency section */
		0F5F4B110000000005 /* cmark-gfm-extensions */ = {
			isa = XCSwiftPackageProductDependency;
			productName = "cmark-gfm-extensions";
		};
		0F5F4B110000000100000002 /* cmark-gfm */ = {
			isa = XCSwiftPackageProductDependency;
			package = 0F5F4B100000000100000001 /* XCRemoteSwiftPackageReference "swift-cmark" */;
			productName = "cmark-gfm";
		};
		0F5F4B110000000100000003 /* cmark-gfm */ = {
			isa = XCSwiftPackageProductDependency;
			productName = "cmark-gfm";
		};
		0F5F4B110000000100000004 /* cmark-gfm-extensions */ = {
			isa = XCSwiftPackageProductDependency;
			package = 0F5F4B100000000100000001 /* XCRemoteSwiftPackageReference "swift-cmark" */;
			productName = "cmark-gfm-extensions";
		};
/* End XCSwiftPackageProductDependency section */
	};
	rootObject = 0F5F4ADA2F7E719800A0BB3E /* Project object */;
}
